// !$*UTF8*$!
{
	archiveVersion = 1;
	classes = {
	};
	objectVersion = 56;
	objects = {

/* Begin PBXBuildFile section */
		D9A93FFCEF6F2D8CBBF53173 /* Pods_Busanz_SwiftUI.framework in Frameworks */ = {isa = PBXBuildFile; fileRef = A5B1D6EB2FFC21889A0D9185 /* Pods_Busanz_SwiftUI.framework */; };
		F6344B1C2C60B268002857CC /* Busanz_SwiftUIApp.swift in Sources */ = {isa = PBXBuildFile; fileRef = F6344B1B2C60B268002857CC /* Busanz_SwiftUIApp.swift */; };
		F6344B1E2C60B268002857CC /* ContentView.swift in Sources */ = {isa = PBXBuildFile; fileRef = F6344B1D2C60B268002857CC /* ContentView.swift */; };
		F6344B202C60B268002857CC /* Assets.xcassets in Resources */ = {isa = PBXBuildFile; fileRef = F6344B1F2C60B268002857CC /* Assets.xcassets */; };
		F6344B232C60B268002857CC /* Preview Assets.xcassets in Resources */ = {isa = PBXBuildFile; fileRef = F6344B222C60B268002857CC /* Preview Assets.xcassets */; };
		F6344B2F2C60B484002857CC /* Font in Resources */ = {isa = PBXBuildFile; fileRef = F6344B2E2C60B484002857CC /* Font */; };
		F6344B322C60B712002857CC /* Secret.plist in Resources */ = {isa = PBXBuildFile; fileRef = F6344B312C60B712002857CC /* Secret.plist */; };
		F6344B352C60B747002857CC /* .gitignore in Resources */ = {isa = PBXBuildFile; fileRef = F6344B342C60B747002857CC /* .gitignore */; };
		F6344B382C60C503002857CC /* MapView.swift in Sources */ = {isa = PBXBuildFile; fileRef = F6344B372C60C503002857CC /* MapView.swift */; };
		F6344B3A2C60C975002857CC /* Coordinator.swift in Sources */ = {isa = PBXBuildFile; fileRef = F6344B392C60C975002857CC /* Coordinator.swift */; };
		F65CF0052C64997200EEC18B /* AppDelegate.swift in Sources */ = {isa = PBXBuildFile; fileRef = F65CF0042C64997200EEC18B /* AppDelegate.swift */; };
		F65CF0082C649BB400EEC18B /* HIDEKEY++Bundle.swift in Sources */ = {isa = PBXBuildFile; fileRef = F65CF0072C649BB400EEC18B /* HIDEKEY++Bundle.swift */; };
		F69931E12C698EB8003141A8 /* DetailResInfoViewModel.swift in Sources */ = {isa = PBXBuildFile; fileRef = F69931E02C698EB8003141A8 /* DetailResInfoViewModel.swift */; };
		F69931E32C698ECD003141A8 /* DetailResInfoView.swift in Sources */ = {isa = PBXBuildFile; fileRef = F69931E22C698ECD003141A8 /* DetailResInfoView.swift */; };
		F69931E52C69C245003141A8 /* UIImage++Ex.swift in Sources */ = {isa = PBXBuildFile; fileRef = F69931E42C69C245003141A8 /* UIImage++Ex.swift */; };
		F69931E72C69F323003141A8 /* FloatingFilterView.swift in Sources */ = {isa = PBXBuildFile; fileRef = F69931E62C69F323003141A8 /* FloatingFilterView.swift */; };
		F69931EA2C6AF9D9003141A8 /* Font+.swift in Sources */ = {isa = PBXBuildFile; fileRef = F69931E92C6AF9D9003141A8 /* Font+.swift */; };
		F6EE3F692C65950B0035B066 /* MapViewModel.swift in Sources */ = {isa = PBXBuildFile; fileRef = F6EE3F682C65950B0035B066 /* MapViewModel.swift */; };
		F6EE3F6B2C65951A0035B066 /* Restaurant.swift in Sources */ = {isa = PBXBuildFile; fileRef = F6EE3F6A2C65951A0035B066 /* Restaurant.swift */; };
		F6EE3F6D2C659D1D0035B066 /* BusanRestaurantKorManager.swift in Sources */ = {isa = PBXBuildFile; fileRef = F6EE3F6C2C659D1D0035B066 /* BusanRestaurantKorManager.swift */; };
		F6EE3F6F2C65F9390035B066 /* APIResponse.swift in Sources */ = {isa = PBXBuildFile; fileRef = F6EE3F6E2C65F9390035B066 /* APIResponse.swift */; };
/* End PBXBuildFile section */

/* Begin PBXFileReference section */
		9012A53B5D580BFCE29CB39B /* Pods-Busanz-SwiftUI.release.xcconfig */ = {isa = PBXFileReference; includeInIndex = 1; lastKnownFileType = text.xcconfig; name = "Pods-Busanz-SwiftUI.release.xcconfig"; path = "Target Support Files/Pods-Busanz-SwiftUI/Pods-Busanz-SwiftUI.release.xcconfig"; sourceTree = "<group>"; };
		A5B1D6EB2FFC21889A0D9185 /* Pods_Busanz_SwiftUI.framework */ = {isa = PBXFileReference; explicitFileType = wrapper.framework; includeInIndex = 0; path = Pods_Busanz_SwiftUI.framework; sourceTree = BUILT_PRODUCTS_DIR; };
		B6A4FC4397E80A08810DD67F /* Pods-Busanz-SwiftUI.debug.xcconfig */ = {isa = PBXFileReference; includeInIndex = 1; lastKnownFileType = text.xcconfig; name = "Pods-Busanz-SwiftUI.debug.xcconfig"; path = "Target Support Files/Pods-Busanz-SwiftUI/Pods-Busanz-SwiftUI.debug.xcconfig"; sourceTree = "<group>"; };
		F6344B182C60B268002857CC /* Busanz-SwiftUI.app */ = {isa = PBXFileReference; explicitFileType = wrapper.application; includeInIndex = 0; path = "Busanz-SwiftUI.app"; sourceTree = BUILT_PRODUCTS_DIR; };
		F6344B1B2C60B268002857CC /* Busanz_SwiftUIApp.swift */ = {isa = PBXFileReference; lastKnownFileType = sourcecode.swift; path = Busanz_SwiftUIApp.swift; sourceTree = "<group>"; };
		F6344B1D2C60B268002857CC /* ContentView.swift */ = {isa = PBXFileReference; lastKnownFileType = sourcecode.swift; path = ContentView.swift; sourceTree = "<group>"; };
		F6344B1F2C60B268002857CC /* Assets.xcassets */ = {isa = PBXFileReference; lastKnownFileType = folder.assetcatalog; path = Assets.xcassets; sourceTree = "<group>"; };
		F6344B222C60B268002857CC /* Preview Assets.xcassets */ = {isa = PBXFileReference; lastKnownFileType = folder.assetcatalog; path = "Preview Assets.xcassets"; sourceTree = "<group>"; };
		F6344B2E2C60B484002857CC /* Font */ = {isa = PBXFileReference; lastKnownFileType = folder; path = Font; sourceTree = "<group>"; };
		F6344B302C60B49D002857CC /* Info.plist */ = {isa = PBXFileReference; lastKnownFileType = text.plist.xml; path = Info.plist; sourceTree = "<group>"; };
		F6344B312C60B712002857CC /* Secret.plist */ = {isa = PBXFileReference; lastKnownFileType = text.plist.xml; path = Secret.plist; sourceTree = "<group>"; };
		F6344B342C60B747002857CC /* .gitignore */ = {isa = PBXFileReference; lastKnownFileType = text; path = .gitignore; sourceTree = "<group>"; };
		F6344B372C60C503002857CC /* MapView.swift */ = {isa = PBXFileReference; lastKnownFileType = sourcecode.swift; path = MapView.swift; sourceTree = "<group>"; };
		F6344B392C60C975002857CC /* Coordinator.swift */ = {isa = PBXFileReference; lastKnownFileType = sourcecode.swift; path = Coordinator.swift; sourceTree = "<group>"; };
		F65CF0042C64997200EEC18B /* AppDelegate.swift */ = {isa = PBXFileReference; lastKnownFileType = sourcecode.swift; path = AppDelegate.swift; sourceTree = "<group>"; };
		F65CF0072C649BB400EEC18B /* HIDEKEY++Bundle.swift */ = {isa = PBXFileReference; lastKnownFileType = sourcecode.swift; path = "HIDEKEY++Bundle.swift"; sourceTree = "<group>"; };
		F69931E02C698EB8003141A8 /* DetailResInfoViewModel.swift */ = {isa = PBXFileReference; lastKnownFileType = sourcecode.swift; path = DetailResInfoViewModel.swift; sourceTree = "<group>"; };
		F69931E22C698ECD003141A8 /* DetailResInfoView.swift */ = {isa = PBXFileReference; lastKnownFileType = sourcecode.swift; path = DetailResInfoView.swift; sourceTree = "<group>"; };
		F69931E42C69C245003141A8 /* UIImage++Ex.swift */ = {isa = PBXFileReference; lastKnownFileType = sourcecode.swift; path = "UIImage++Ex.swift"; sourceTree = "<group>"; };
		F69931E62C69F323003141A8 /* FloatingFilterView.swift */ = {isa = PBXFileReference; lastKnownFileType = sourcecode.swift; path = FloatingFilterView.swift; sourceTree = "<group>"; };
		F69931E92C6AF9D9003141A8 /* Font+.swift */ = {isa = PBXFileReference; lastKnownFileType = sourcecode.swift; path = "Font+.swift"; sourceTree = "<group>"; };
		F6EE3F682C65950B0035B066 /* MapViewModel.swift */ = {isa = PBXFileReference; lastKnownFileType = sourcecode.swift; path = MapViewModel.swift; sourceTree = "<group>"; };
		F6EE3F6A2C65951A0035B066 /* Restaurant.swift */ = {isa = PBXFileReference; lastKnownFileType = sourcecode.swift; path = Restaurant.swift; sourceTree = "<group>"; };
		F6EE3F6C2C659D1D0035B066 /* BusanRestaurantKorManager.swift */ = {isa = PBXFileReference; lastKnownFileType = sourcecode.swift; path = BusanRestaurantKorManager.swift; sourceTree = "<group>"; };
		F6EE3F6E2C65F9390035B066 /* APIResponse.swift */ = {isa = PBXFileReference; lastKnownFileType = sourcecode.swift; path = APIResponse.swift; sourceTree = "<group>"; };
/* End PBXFileReference section */

/* Begin PBXFrameworksBuildPhase section */
		F6344B152C60B268002857CC /* Frameworks */ = {
			isa = PBXFrameworksBuildPhase;
			buildActionMask = 2147483647;
			files = (
				D9A93FFCEF6F2D8CBBF53173 /* Pods_Busanz_SwiftUI.framework in Frameworks */,
			);
			runOnlyForDeploymentPostprocessing = 0;
		};
/* End PBXFrameworksBuildPhase section */

/* Begin PBXGroup section */
		710097ECF9E82AE5AE67AA37 /* Pods */ = {
			isa = PBXGroup;
			children = (
				B6A4FC4397E80A08810DD67F /* Pods-Busanz-SwiftUI.debug.xcconfig */,
				9012A53B5D580BFCE29CB39B /* Pods-Busanz-SwiftUI.release.xcconfig */,
			);
			path = Pods;
			sourceTree = "<group>";
		};
		B26403227BA524CE621A9A9F /* Frameworks */ = {
			isa = PBXGroup;
			children = (
				A5B1D6EB2FFC21889A0D9185 /* Pods_Busanz_SwiftUI.framework */,
			);
			name = Frameworks;
			sourceTree = "<group>";
		};
		F6344B0F2C60B268002857CC = {
			isa = PBXGroup;
			children = (
				F6344B342C60B747002857CC /* .gitignore */,
				F6344B1A2C60B268002857CC /* Busanz-SwiftUI */,
				F6344B192C60B268002857CC /* Products */,
				710097ECF9E82AE5AE67AA37 /* Pods */,
				B26403227BA524CE621A9A9F /* Frameworks */,
			);
			sourceTree = "<group>";
		};
		F6344B192C60B268002857CC /* Products */ = {
			isa = PBXGroup;
			children = (
				F6344B182C60B268002857CC /* Busanz-SwiftUI.app */,
			);
			name = Products;
			sourceTree = "<group>";
		};
		F6344B1A2C60B268002857CC /* Busanz-SwiftUI */ = {
			isa = PBXGroup;
			children = (
				F6344B302C60B49D002857CC /* Info.plist */,
				F6344B312C60B712002857CC /* Secret.plist */,
				F6344B2D2C60B2CF002857CC /* App */,
				F6344B292C60B28E002857CC /* Model */,
				F6344B2A2C60B298002857CC /* Present */,
				F6344B2B2C60B2AA002857CC /* Service */,
				F65CF0062C649B9B00EEC18B /* Extension */,
				F6344B2C2C60B2C3002857CC /* Resource */,
				F6344B212C60B268002857CC /* Preview Content */,
			);
			path = "Busanz-SwiftUI";
			sourceTree = "<group>";
		};
		F6344B212C60B268002857CC /* Preview Content */ = {
			isa = PBXGroup;
			children = (
				F6344B222C60B268002857CC /* Preview Assets.xcassets */,
			);
			path = "Preview Content";
			sourceTree = "<group>";
		};
		F6344B292C60B28E002857CC /* Model */ = {
			isa = PBXGroup;
			children = (
				F6EE3F6A2C65951A0035B066 /* Restaurant.swift */,
				F6EE3F6E2C65F9390035B066 /* APIResponse.swift */,
			);
			path = Model;
			sourceTree = "<group>";
		};
		F6344B2A2C60B298002857CC /* Present */ = {
			isa = PBXGroup;
			children = (
				F6344B362C60C4DC002857CC /* MapUI */,
				F69931DD2C698E76003141A8 /* DetailResInfoUI */,
			);
			path = Present;
			sourceTree = "<group>";
		};
		F6344B2B2C60B2AA002857CC /* Service */ = {
			isa = PBXGroup;
			children = (
				F6EE3F6C2C659D1D0035B066 /* BusanRestaurantKorManager.swift */,
			);
			path = Service;
			sourceTree = "<group>";
		};
		F6344B2C2C60B2C3002857CC /* Resource */ = {
			isa = PBXGroup;
			children = (
				F6344B2E2C60B484002857CC /* Font */,
				F6344B1F2C60B268002857CC /* Assets.xcassets */,
			);
			path = Resource;
			sourceTree = "<group>";
		};
		F6344B2D2C60B2CF002857CC /* App */ = {
			isa = PBXGroup;
			children = (
				F65CF0042C64997200EEC18B /* AppDelegate.swift */,
				F6344B1B2C60B268002857CC /* Busanz_SwiftUIApp.swift */,
				F6344B1D2C60B268002857CC /* ContentView.swift */,
				F6344B392C60C975002857CC /* Coordinator.swift */,
			);
			path = App;
			sourceTree = "<group>";
		};
		F6344B362C60C4DC002857CC /* MapUI */ = {
			isa = PBXGroup;
			children = (
				F6344B372C60C503002857CC /* MapView.swift */,
				F6EE3F682C65950B0035B066 /* MapViewModel.swift */,
				F69931E82C69F329003141A8 /* FloatingFilterUI */,
			);
			path = MapUI;
			sourceTree = "<group>";
		};
		F65CF0062C649B9B00EEC18B /* Extension */ = {
			isa = PBXGroup;
			children = (
				F65CF0072C649BB400EEC18B /* HIDEKEY++Bundle.swift */,
				F69931E42C69C245003141A8 /* UIImage++Ex.swift */,
				F69931E92C6AF9D9003141A8 /* Font+.swift */,
			);
			path = Extension;
			sourceTree = "<group>";
		};
		F69931DD2C698E76003141A8 /* DetailResInfoUI */ = {
			isa = PBXGroup;
			children = (
				F69931E02C698EB8003141A8 /* DetailResInfoViewModel.swift */,
				F69931E22C698ECD003141A8 /* DetailResInfoView.swift */,
			);
			path = DetailResInfoUI;
			sourceTree = "<group>";
		};
		F69931E82C69F329003141A8 /* FloatingFilterUI */ = {
			isa = PBXGroup;
			children = (
				F69931E62C69F323003141A8 /* FloatingFilterView.swift */,
			);
			path = FloatingFilterUI;
			sourceTree = "<group>";
		};
/* End PBXGroup section */

/* Begin PBXNativeTarget section */
		F6344B172C60B268002857CC /* Busanz-SwiftUI */ = {
			isa = PBXNativeTarget;
			buildConfigurationList = F6344B262C60B268002857CC /* Build configuration list for PBXNativeTarget "Busanz-SwiftUI" */;
			buildPhases = (
				B4D5A66FB59BAC01B3BC2A7C /* [CP] Check Pods Manifest.lock */,
				F6344B142C60B268002857CC /* Sources */,
				F6344B152C60B268002857CC /* Frameworks */,
				F6344B162C60B268002857CC /* Resources */,
				F9F81460DDD8442426F35997 /* [CP] Embed Pods Frameworks */,
			);
			buildRules = (
			);
			dependencies = (
			);
			name = "Busanz-SwiftUI";
			productName = "Busanz-SwiftUI";
			productReference = F6344B182C60B268002857CC /* Busanz-SwiftUI.app */;
			productType = "com.apple.product-type.application";
		};
/* End PBXNativeTarget section */

/* Begin PBXProject section */
		F6344B102C60B268002857CC /* Project object */ = {
			isa = PBXProject;
			attributes = {
				BuildIndependentTargetsInParallel = 1;
				LastSwiftUpdateCheck = 1530;
				LastUpgradeCheck = 1530;
				TargetAttributes = {
					F6344B172C60B268002857CC = {
						CreatedOnToolsVersion = 15.3;
					};
				};
			};
			buildConfigurationList = F6344B132C60B268002857CC /* Build configuration list for PBXProject "Busanz-SwiftUI" */;
			compatibilityVersion = "Xcode 14.0";
			developmentRegion = en;
			hasScannedForEncodings = 0;
			knownRegions = (
				en,
				Base,
			);
			mainGroup = F6344B0F2C60B268002857CC;
			productRefGroup = F6344B192C60B268002857CC /* Products */;
			projectDirPath = "";
			projectRoot = "";
			targets = (
				F6344B172C60B268002857CC /* Busanz-SwiftUI */,
			);
		};
/* End PBXProject section */

/* Begin PBXResourcesBuildPhase section */
		F6344B162C60B268002857CC /* Resources */ = {
			isa = PBXResourcesBuildPhase;
			buildActionMask = 2147483647;
			files = (
				F6344B352C60B747002857CC /* .gitignore in Resources */,
				F6344B322C60B712002857CC /* Secret.plist in Resources */,
				F6344B232C60B268002857CC /* Preview Assets.xcassets in Resources */,
				F6344B2F2C60B484002857CC /* Font in Resources */,
				F6344B202C60B268002857CC /* Assets.xcassets in Resources */,
			);
			runOnlyForDeploymentPostprocessing = 0;
		};
/* End PBXResourcesBuildPhase section */

/* Begin PBXShellScriptBuildPhase section */
		B4D5A66FB59BAC01B3BC2A7C /* [CP] Check Pods Manifest.lock */ = {
			isa = PBXShellScriptBuildPhase;
			buildActionMask = 2147483647;
			files = (
			);
			inputFileListPaths = (
			);
			inputPaths = (
				"${PODS_PODFILE_DIR_PATH}/Podfile.lock",
				"${PODS_ROOT}/Manifest.lock",
			);
			name = "[CP] Check Pods Manifest.lock";
			outputFileListPaths = (
			);
			outputPaths = (
				"$(DERIVED_FILE_DIR)/Pods-Busanz-SwiftUI-checkManifestLockResult.txt",
			);
			runOnlyForDeploymentPostprocessing = 0;
			shellPath = /bin/sh;
			shellScript = "diff \"${PODS_PODFILE_DIR_PATH}/Podfile.lock\" \"${PODS_ROOT}/Manifest.lock\" > /dev/null\nif [ $? != 0 ] ; then\n    # print error to STDERR\n    echo \"error: The sandbox is not in sync with the Podfile.lock. Run 'pod install' or update your CocoaPods installation.\" >&2\n    exit 1\nfi\n# This output is used by Xcode 'outputs' to avoid re-running this script phase.\necho \"SUCCESS\" > \"${SCRIPT_OUTPUT_FILE_0}\"\n";
			showEnvVarsInLog = 0;
		};
		F9F81460DDD8442426F35997 /* [CP] Embed Pods Frameworks */ = {
			isa = PBXShellScriptBuildPhase;
			buildActionMask = 2147483647;
			files = (
			);
			inputFileListPaths = (
				"${PODS_ROOT}/Target Support Files/Pods-Busanz-SwiftUI/Pods-Busanz-SwiftUI-frameworks-${CONFIGURATION}-input-files.xcfilelist",
			);
			name = "[CP] Embed Pods Frameworks";
			outputFileListPaths = (
				"${PODS_ROOT}/Target Support Files/Pods-Busanz-SwiftUI/Pods-Busanz-SwiftUI-frameworks-${CONFIGURATION}-output-files.xcfilelist",
			);
			runOnlyForDeploymentPostprocessing = 0;
			shellPath = /bin/sh;
			shellScript = "\"${PODS_ROOT}/Target Support Files/Pods-Busanz-SwiftUI/Pods-Busanz-SwiftUI-frameworks.sh\"\n";
			showEnvVarsInLog = 0;
		};
/* End PBXShellScriptBuildPhase section */

/* Begin PBXSourcesBuildPhase section */
		F6344B142C60B268002857CC /* Sources */ = {
			isa = PBXSourcesBuildPhase;
			buildActionMask = 2147483647;
			files = (
				F69931E72C69F323003141A8 /* FloatingFilterView.swift in Sources */,
				F69931E12C698EB8003141A8 /* DetailResInfoViewModel.swift in Sources */,
				F6344B3A2C60C975002857CC /* Coordinator.swift in Sources */,
				F69931E32C698ECD003141A8 /* DetailResInfoView.swift in Sources */,
				F6344B1E2C60B268002857CC /* ContentView.swift in Sources */,
				F6EE3F6D2C659D1D0035B066 /* BusanRestaurantKorManager.swift in Sources */,
				F69931EA2C6AF9D9003141A8 /* Font+.swift in Sources */,
				F6EE3F6F2C65F9390035B066 /* APIResponse.swift in Sources */,
				F6344B382C60C503002857CC /* MapView.swift in Sources */,
				F65CF0082C649BB400EEC18B /* HIDEKEY++Bundle.swift in Sources */,
				F6EE3F6B2C65951A0035B066 /* Restaurant.swift in Sources */,
				F6EE3F692C65950B0035B066 /* MapViewModel.swift in Sources */,
				F65CF0052C64997200EEC18B /* AppDelegate.swift in Sources */,
				F69931E52C69C245003141A8 /* UIImage++Ex.swift in Sources */,
				F6344B1C2C60B268002857CC /* Busanz_SwiftUIApp.swift in Sources */,
			);
			runOnlyForDeploymentPostprocessing = 0;
		};
/* End PBXSourcesBuildPhase section */

/* Begin XCBuildConfiguration section */
		F6344B242C60B268002857CC /* Debug */ = {
			isa = XCBuildConfiguration;
			buildSettings = {
				ALWAYS_SEARCH_USER_PATHS = NO;
				ASSETCATALOG_COMPILER_GENERATE_SWIFT_ASSET_SYMBOL_EXTENSIONS = YES;
				CLANG_ANALYZER_NONNULL = YES;
				CLANG_ANALYZER_NUMBER_OBJECT_CONVERSION = YES_AGGRESSIVE;
				CLANG_CXX_LANGUAGE_STANDARD = "gnu++20";
				CLANG_ENABLE_MODULES = YES;
				CLANG_ENABLE_OBJC_ARC = YES;
				CLANG_ENABLE_OBJC_WEAK = YES;
				CLANG_WARN_BLOCK_CAPTURE_AUTORELEASING = YES;
				CLANG_WARN_BOOL_CONVERSION = YES;
				CLANG_WARN_COMMA = YES;
				CLANG_WARN_CONSTANT_CONVERSION = YES;
				CLANG_WARN_DEPRECATED_OBJC_IMPLEMENTATIONS = YES;
				CLANG_WARN_DIRECT_OBJC_ISA_USAGE = YES_ERROR;
				CLANG_WARN_DOCUMENTATION_COMMENTS = YES;
				CLANG_WARN_EMPTY_BODY = YES;
				CLANG_WARN_ENUM_CONVERSION = YES;
				CLANG_WARN_INFINITE_RECURSION = YES;
				CLANG_WARN_INT_CONVERSION = YES;
				CLANG_WARN_NON_LITERAL_NULL_CONVERSION = YES;
				CLANG_WARN_OBJC_IMPLICIT_RETAIN_SELF = YES;
				CLANG_WARN_OBJC_LITERAL_CONVERSION = YES;
				CLANG_WARN_OBJC_ROOT_CLASS = YES_ERROR;
				CLANG_WARN_QUOTED_INCLUDE_IN_FRAMEWORK_HEADER = YES;
				CLANG_WARN_RANGE_LOOP_ANALYSIS = YES;
				CLANG_WARN_STRICT_PROTOTYPES = YES;
				CLANG_WARN_SUSPICIOUS_MOVE = YES;
				CLANG_WARN_UNGUARDED_AVAILABILITY = YES_AGGRESSIVE;
				CLANG_WARN_UNREACHABLE_CODE = YES;
				CLANG_WARN__DUPLICATE_METHOD_MATCH = YES;
				COPY_PHASE_STRIP = NO;
				DEBUG_INFORMATION_FORMAT = dwarf;
				ENABLE_STRICT_OBJC_MSGSEND = YES;
				ENABLE_TESTABILITY = YES;
				ENABLE_USER_SCRIPT_SANDBOXING = NO;
				GCC_C_LANGUAGE_STANDARD = gnu17;
				GCC_DYNAMIC_NO_PIC = NO;
				GCC_NO_COMMON_BLOCKS = YES;
				GCC_OPTIMIZATION_LEVEL = 0;
				GCC_PREPROCESSOR_DEFINITIONS = (
					"DEBUG=1",
					"$(inherited)",
				);
				GCC_WARN_64_TO_32_BIT_CONVERSION = YES;
				GCC_WARN_ABOUT_RETURN_TYPE = YES_ERROR;
				GCC_WARN_UNDECLARED_SELECTOR = YES;
				GCC_WARN_UNINITIALIZED_AUTOS = YES_AGGRESSIVE;
				GCC_WARN_UNUSED_FUNCTION = YES;
				GCC_WARN_UNUSED_VARIABLE = YES;
				IPHONEOS_DEPLOYMENT_TARGET = 17.4;
				LOCALIZATION_PREFERS_STRING_CATALOGS = YES;
				MTL_ENABLE_DEBUG_INFO = INCLUDE_SOURCE;
				MTL_FAST_MATH = YES;
				ONLY_ACTIVE_ARCH = YES;
				SDKROOT = iphoneos;
				SWIFT_ACTIVE_COMPILATION_CONDITIONS = "DEBUG $(inherited)";
				SWIFT_OPTIMIZATION_LEVEL = "-Onone";
			};
			name = Debug;
		};
		F6344B252C60B268002857CC /* Release */ = {
			isa = XCBuildConfiguration;
			buildSettings = {
				ALWAYS_SEARCH_USER_PATHS = NO;
				ASSETCATALOG_COMPILER_GENERATE_SWIFT_ASSET_SYMBOL_EXTENSIONS = YES;
				CLANG_ANALYZER_NONNULL = YES;
				CLANG_ANALYZER_NUMBER_OBJECT_CONVERSION = YES_AGGRESSIVE;
				CLANG_CXX_LANGUAGE_STANDARD = "gnu++20";
				CLANG_ENABLE_MODULES = YES;
				CLANG_ENABLE_OBJC_ARC = YES;
				CLANG_ENABLE_OBJC_WEAK = YES;
				CLANG_WARN_BLOCK_CAPTURE_AUTORELEASING = YES;
				CLANG_WARN_BOOL_CONVERSION = YES;
				CLANG_WARN_COMMA = YES;
				CLANG_WARN_CONSTANT_CONVERSION = YES;
				CLANG_WARN_DEPRECATED_OBJC_IMPLEMENTATIONS = YES;
				CLANG_WARN_DIRECT_OBJC_ISA_USAGE = YES_ERROR;
				CLANG_WARN_DOCUMENTATION_COMMENTS = YES;
				CLANG_WARN_EMPTY_BODY = YES;
				CLANG_WARN_ENUM_CONVERSION = YES;
				CLANG_WARN_INFINITE_RECURSION = YES;
				CLANG_WARN_INT_CONVERSION = YES;
				CLANG_WARN_NON_LITERAL_NULL_CONVERSION = YES;
				CLANG_WARN_OBJC_IMPLICIT_RETAIN_SELF = YES;
				CLANG_WARN_OBJC_LITERAL_CONVERSION = YES;
				CLANG_WARN_OBJC_ROOT_CLASS = YES_ERROR;
				CLANG_WARN_QUOTED_INCLUDE_IN_FRAMEWORK_HEADER = YES;
				CLANG_WARN_RANGE_LOOP_ANALYSIS = YES;
				CLANG_WARN_STRICT_PROTOTYPES = YES;
				CLANG_WARN_SUSPICIOUS_MOVE = YES;
				CLANG_WARN_UNGUARDED_AVAILABILITY = YES_AGGRESSIVE;
				CLANG_WARN_UNREACHABLE_CODE = YES;
				CLANG_WARN__DUPLICATE_METHOD_MATCH = YES;
				COPY_PHASE_STRIP = NO;
				DEBUG_INFORMATION_FORMAT = "dwarf-with-dsym";
				ENABLE_NS_ASSERTIONS = NO;
				ENABLE_STRICT_OBJC_MSGSEND = YES;
				ENABLE_USER_SCRIPT_SANDBOXING = NO;
				GCC_C_LANGUAGE_STANDARD = gnu17;
				GCC_NO_COMMON_BLOCKS = YES;
				GCC_WARN_64_TO_32_BIT_CONVERSION = YES;
				GCC_WARN_ABOUT_RETURN_TYPE = YES_ERROR;
				GCC_WARN_UNDECLARED_SELECTOR = YES;
				GCC_WARN_UNINITIALIZED_AUTOS = YES_AGGRESSIVE;
				GCC_WARN_UNUSED_FUNCTION = YES;
				GCC_WARN_UNUSED_VARIABLE = YES;
				IPHONEOS_DEPLOYMENT_TARGET = 17.4;
				LOCALIZATION_PREFERS_STRING_CATALOGS = YES;
				MTL_ENABLE_DEBUG_INFO = NO;
				MTL_FAST_MATH = YES;
				SDKROOT = iphoneos;
				SWIFT_COMPILATION_MODE = wholemodule;
				VALIDATE_PRODUCT = YES;
			};
			name = Release;
		};
		F6344B272C60B268002857CC /* Debug */ = {
			isa = XCBuildConfiguration;
			baseConfigurationReference = B6A4FC4397E80A08810DD67F /* Pods-Busanz-SwiftUI.debug.xcconfig */;
			buildSettings = {
				ASSETCATALOG_COMPILER_APPICON_NAME = AppIcon;
				ASSETCATALOG_COMPILER_GLOBAL_ACCENT_COLOR_NAME = AccentColor;
				CODE_SIGN_STYLE = Automatic;
				CURRENT_PROJECT_VERSION = 1;
				DEVELOPMENT_ASSET_PATHS = "\"Busanz-SwiftUI/Preview Content\"";
				DEVELOPMENT_TEAM = 7DVWGZFH6N;
				ENABLE_PREVIEWS = YES;
				GENERATE_INFOPLIST_FILE = YES;
				INFOPLIST_FILE = "Busanz-SwiftUI/Info.plist";
				INFOPLIST_KEY_UIApplicationSceneManifest_Generation = YES;
				INFOPLIST_KEY_UIApplicationSupportsIndirectInputEvents = YES;
				INFOPLIST_KEY_UILaunchScreen_Generation = YES;
				INFOPLIST_KEY_UISupportedInterfaceOrientations_iPad = "UIInterfaceOrientationPortrait UIInterfaceOrientationPortraitUpsideDown UIInterfaceOrientationLandscapeLeft UIInterfaceOrientationLandscapeRight";
				INFOPLIST_KEY_UISupportedInterfaceOrientations_iPhone = "UIInterfaceOrientationPortrait UIInterfaceOrientationLandscapeLeft UIInterfaceOrientationLandscapeRight";
				LD_RUNPATH_SEARCH_PATHS = (
					"$(inherited)",
					"@executable_path/Frameworks",
				);
				MARKETING_VERSION = 1.0;
				PRODUCT_BUNDLE_IDENTIFIER = "com.emptyhead.Busanz-SwiftUI";
				PRODUCT_NAME = "$(TARGET_NAME)";
				SWIFT_EMIT_LOC_STRINGS = YES;
				SWIFT_VERSION = 5.0;
				TARGETED_DEVICE_FAMILY = "1,2";
			};
			name = Debug;
		};
		F6344B282C60B268002857CC /* Release */ = {
			isa = XCBuildConfiguration;
			baseConfigurationReference = 9012A53B5D580BFCE29CB39B /* Pods-Busanz-SwiftUI.release.xcconfig */;
			buildSettings = {
				ASSETCATALOG_COMPILER_APPICON_NAME = AppIcon;
				ASSETCATALOG_COMPILER_GLOBAL_ACCENT_COLOR_NAME = AccentColor;
				CODE_SIGN_STYLE = Automatic;
				CURRENT_PROJECT_VERSION = 1;
				DEVELOPMENT_ASSET_PATHS = "\"Busanz-SwiftUI/Preview Content\"";
				DEVELOPMENT_TEAM = 7DVWGZFH6N;
				ENABLE_PREVIEWS = YES;
				GENERATE_INFOPLIST_FILE = YES;
				INFOPLIST_FILE = "Busanz-SwiftUI/Info.plist";
				INFOPLIST_KEY_UIApplicationSceneManifest_Generation = YES;
				INFOPLIST_KEY_UIApplicationSupportsIndirectInputEvents = YES;
				INFOPLIST_KEY_UILaunchScreen_Generation = YES;
				INFOPLIST_KEY_UISupportedInterfaceOrientations_iPad = "UIInterfaceOrientationPortrait UIInterfaceOrientationPortraitUpsideDown UIInterfaceOrientationLandscapeLeft UIInterfaceOrientationLandscapeRight";
				INFOPLIST_KEY_UISupportedInterfaceOrientations_iPhone = "UIInterfaceOrientationPortrait UIInterfaceOrientationLandscapeLeft UIInterfaceOrientationLandscapeRight";
				LD_RUNPATH_SEARCH_PATHS = (
					"$(inherited)",
					"@executable_path/Frameworks",
				);
				MARKETING_VERSION = 1.0;
				PRODUCT_BUNDLE_IDENTIFIER = "com.emptyhead.Busanz-SwiftUI";
				PRODUCT_NAME = "$(TARGET_NAME)";
				SWIFT_EMIT_LOC_STRINGS = YES;
				SWIFT_VERSION = 5.0;
				TARGETED_DEVICE_FAMILY = "1,2";
			};
			name = Release;
		};
/* End XCBuildConfiguration section */

/* Begin XCConfigurationList section */
		F6344B132C60B268002857CC /* Build configuration list for PBXProject "Busanz-SwiftUI" */ = {
			isa = XCConfigurationList;
			buildConfigurations = (
				F6344B242C60B268002857CC /* Debug */,
				F6344B252C60B268002857CC /* Release */,
			);
			defaultConfigurationIsVisible = 0;
			defaultConfigurationName = Release;
		};
		F6344B262C60B268002857CC /* Build configuration list for PBXNativeTarget "Busanz-SwiftUI" */ = {
			isa = XCConfigurationList;
			buildConfigurations = (
				F6344B272C60B268002857CC /* Debug */,
				F6344B282C60B268002857CC /* Release */,
			);
			defaultConfigurationIsVisible = 0;
			defaultConfigurationName = Release;
		};
/* End XCConfigurationList section */
	};
	rootObject = F6344B102C60B268002857CC /* Project object */;
}
